
Microsoft Visual Studio Solution File, Format Version 12.00
# Visual Studio 14
VisualStudioVersion = 14.0.25123.0
MinimumVisualStudioVersion = 10.0.40219.1
Project("{FAE04EC0-301F-11D3-BF4B-00C04F79EFBC}") = "Projet", "Projet\Projet.csproj", "{96A2518A-4D08-48B6-920C-ADDFE1C6B4F9}"
EndProject
Project("{FAE04EC0-301F-11D3-BF4B-00C04F79EFBC}") = "Library", "Library\Library.csproj", "{13720654-4AD1-4AB3-B688-0FF402EC9B1C}"
EndProject
Project("{FAE04EC0-301F-11D3-BF4B-00C04F79EFBC}") = "BusinessLayer", "BusinessLayer\BusinessLayer.csproj", "{FB9B58B4-7189-4A66-AC82-5E82A9B5532F}"
EndProject
Global
	GlobalSection(SolutionConfigurationPlatforms) = preSolution
		Debug|Any CPU = Debug|Any CPU
		Release|Any CPU = Release|Any CPU
	EndGlobalSection
	GlobalSection(ProjectConfigurationPlatforms) = postSolution
		{96A2518A-4D08-48B6-920C-ADDFE1C6B4F9}.Debug|Any CPU.ActiveCfg = Debug|Any CPU
		{96A2518A-4D08-48B6-920C-ADDFE1C6B4F9}.Debug|Any CPU.Build.0 = Debug|Any CPU
		{96A2518A-4D08-48B6-920C-ADDFE1C6B4F9}.Release|Any CPU.ActiveCfg = Release|Any CPU
		{96A2518A-4D08-48B6-920C-ADDFE1C6B4F9}.Release|Any CPU.Build.0 = Release|Any CPU
		{13720654-4AD1-4AB3-B688-0FF402EC9B1C}.Debug|Any CPU.ActiveCfg = Debug|Any CPU
		{13720654-4AD1-4AB3-B688-0FF402EC9B1C}.Debug|Any CPU.Build.0 = Debug|Any CPU
		{13720654-4AD1-4AB3-B688-0FF402EC9B1C}.Release|Any CPU.ActiveCfg = Release|Any CPU
		{13720654-4AD1-4AB3-B688-0FF402EC9B1C}.Release|Any CPU.Build.0 = Release|Any CPU
		{FB9B58B4-7189-4A66-AC82-5E82A9B5532F}.Debug|Any CPU.ActiveCfg = Debug|Any CPU
		{FB9B58B4-7189-4A66-AC82-5E82A9B5532F}.Debug|Any CPU.Build.0 = Debug|Any CPU
		{FB9B58B4-7189-4A66-AC82-5E82A9B5532F}.Release|Any CPU.ActiveCfg = Release|Any CPU
		{FB9B58B4-7189-4A66-AC82-5E82A9B5532F}.Release|Any CPU.Build.0 = Release|Any CPU
	EndGlobalSection
	GlobalSection(SolutionProperties) = preSolution
		HideSolutionNode = FALSE
	EndGlobalSection
EndGlobal
